
Microsoft Visual Studio Solution File, Format Version 12.00
# Visual Studio Version 16
VisualStudioVersion = 16.0.30204.135
MinimumVisualStudioVersion = 10.0.40219.1
Project("{FAE04EC0-301F-11D3-BF4B-00C04F79EFBC}") = "HelloWpfCore", "HelloWpfCore\HelloWpfCore.csproj", "{858EEE76-1523-438B-905B-BEE0344E642D}"
EndProject
Project("{2150E333-8FDC-42A3-9474-1A3956D46DE8}") = "Solution Items", "Solution Items", "{AD83D615-0403-40B2-BA77-AA5CEFF5FD88}"
	ProjectSection(SolutionItems) = preProject
		Dockerfile = Dockerfile
		ReadMe.md = ReadMe.md
	EndProjectSection
EndProject
Global
	GlobalSection(SolutionConfigurationPlatforms) = preSolution
		Debug|Any CPU = Debug|Any CPU
		Release|Any CPU = Release|Any CPU
	EndGlobalSection
	GlobalSection(ProjectConfigurationPlatforms) = postSolution
		{858EEE76-1523-438B-905B-BEE0344E642D}.Debug|Any CPU.ActiveCfg = Debug|Any CPU
		{858EEE76-1523-438B-905B-BEE0344E642D}.Debug|Any CPU.Build.0 = Debug|Any CPU
		{858EEE76-1523-438B-905B-BEE0344E642D}.Release|Any CPU.ActiveCfg = Release|Any CPU
		{858EEE76-1523-438B-905B-BEE0344E642D}.Release|Any CPU.Build.0 = Release|Any CPU
	EndGlobalSection
	GlobalSection(SolutionProperties) = preSolution
		HideSolutionNode = FALSE
	EndGlobalSection
	GlobalSection(ExtensibilityGlobals) = postSolution
		SolutionGuid = {4981C262-9CAD-43AA-84E5-5150F250C879}
	EndGlobalSection
EndGlobal
